// !$*UTF8*$!
{
	archiveVersion = 1;
	classes = {
	};
	objectVersion = 46;
	objects = {

/* Begin PBXBuildFile section */
		5526C73E1A40CCDC00C35325 /* LineNode.cpp in Sources */ = {isa = PBXBuildFile; fileRef = 5526C73C1A40CCDC00C35325 /* LineNode.cpp */; };
		5543ADEA1A4219F300877634 /* BSPView.mm in Sources */ = {isa = PBXBuildFile; fileRef = 5543ADE91A4219F300877634 /* BSPView.mm */; };
		554DE66A1A3B82CE00772256 /* AppDelegate.m in Sources */ = {isa = PBXBuildFile; fileRef = 554DE6691A3B82CE00772256 /* AppDelegate.m */; };
		554DE66C1A3B82CE00772256 /* main.m in Sources */ = {isa = PBXBuildFile; fileRef = 554DE66B1A3B82CE00772256 /* main.m */; };
		554DE66F1A3B82CE00772256 /* Document.mm in Sources */ = {isa = PBXBuildFile; fileRef = 554DE66E1A3B82CE00772256 /* Document.mm */; };
		554DE6721A3B82CE00772256 /* Document.xib in Resources */ = {isa = PBXBuildFile; fileRef = 554DE6701A3B82CE00772256 /* Document.xib */; };
		554DE6741A3B82CE00772256 /* Images.xcassets in Resources */ = {isa = PBXBuildFile; fileRef = 554DE6731A3B82CE00772256 /* Images.xcassets */; };
		554DE6771A3B82CE00772256 /* MainMenu.xib in Resources */ = {isa = PBXBuildFile; fileRef = 554DE6751A3B82CE00772256 /* MainMenu.xib */; };
		554DE6831A3B82CE00772256 /* line_pvsTests.m in Sources */ = {isa = PBXBuildFile; fileRef = 554DE6821A3B82CE00772256 /* line_pvsTests.m */; };
		554DE68E1A3B836D00772256 /* LinesView.mm in Sources */ = {isa = PBXBuildFile; fileRef = 554DE68D1A3B836D00772256 /* LinesView.mm */; };
		554DE6B21A3E221800772256 /* Line.cpp in Sources */ = {isa = PBXBuildFile; fileRef = 554DE6B01A3E221800772256 /* Line.cpp */; };
		554DE6B51A3E225600772256 /* Point.cpp in Sources */ = {isa = PBXBuildFile; fileRef = 554DE6B31A3E225600772256 /* Point.cpp */; };
		554DE6B81A3E231000772256 /* Size.cpp in Sources */ = {isa = PBXBuildFile; fileRef = 554DE6B61A3E231000772256 /* Size.cpp */; };
/* End PBXBuildFile section */

/* Begin PBXContainerItemProxy section */
		554DE67D1A3B82CE00772256 /* PBXContainerItemProxy */ = {
			isa = PBXContainerItemProxy;
			containerPortal = 554DE65B1A3B82CE00772256 /* Project object */;
			proxyType = 1;
			remoteGlobalIDString = 554DE6621A3B82CE00772256;
			remoteInfo = "line-pvs";
		};
/* End PBXContainerItemProxy section */

/* Begin PBXFileReference section */
		5526C73C1A40CCDC00C35325 /* LineNode.cpp */ = {isa = PBXFileReference; fileEncoding = 4; lastKnownFileType = sourcecode.cpp.cpp; path = LineNode.cpp; sourceTree = "<group>"; };
		5526C73D1A40CCDC00C35325 /* LineNode.h */ = {isa = PBXFileReference; fileEncoding = 4; lastKnownFileType = sourcecode.c.h; path = LineNode.h; sourceTree = "<group>"; };
		5543ADE81A4219F300877634 /* BSPView.h */ = {isa = PBXFileReference; fileEncoding = 4; lastKnownFileType = sourcecode.c.h; path = BSPView.h; sourceTree = "<group>"; };
		5543ADE91A4219F300877634 /* BSPView.mm */ = {isa = PBXFileReference; fileEncoding = 4; lastKnownFileType = sourcecode.cpp.objcpp; path = BSPView.mm; sourceTree = "<group>"; };
		554DE6631A3B82CE00772256 /* line-pvs.app */ = {isa = PBXFileReference; explicitFileType = wrapper.application; includeInIndex = 0; path = "line-pvs.app"; sourceTree = BUILT_PRODUCTS_DIR; };
		554DE6671A3B82CE00772256 /* Info.plist */ = {isa = PBXFileReference; lastKnownFileType = text.plist.xml; path = Info.plist; sourceTree = "<group>"; };
		554DE6681A3B82CE00772256 /* AppDelegate.h */ = {isa = PBXFileReference; lastKnownFileType = sourcecode.c.h; path = AppDelegate.h; sourceTree = "<group>"; };
		554DE6691A3B82CE00772256 /* AppDelegate.m */ = {isa = PBXFileReference; lastKnownFileType = sourcecode.c.objc; path = AppDelegate.m; sourceTree = "<group>"; };
		554DE66B1A3B82CE00772256 /* main.m */ = {isa = PBXFileReference; lastKnownFileType = sourcecode.c.objc; path = main.m; sourceTree = "<group>"; };
		554DE66D1A3B82CE00772256 /* Document.h */ = {isa = PBXFileReference; lastKnownFileType = sourcecode.c.h; path = Document.h; sourceTree = "<group>"; };
		554DE66E1A3B82CE00772256 /* Document.mm */ = {isa = PBXFileReference; lastKnownFileType = sourcecode.cpp.objcpp; path = Document.mm; sourceTree = "<group>"; };
		554DE6711A3B82CE00772256 /* Base */ = {isa = PBXFileReference; lastKnownFileType = file.xib; name = Base; path = Base.lproj/Document.xib; sourceTree = "<group>"; };
		554DE6731A3B82CE00772256 /* Images.xcassets */ = {isa = PBXFileReference; lastKnownFileType = folder.assetcatalog; path = Images.xcassets; sourceTree = "<group>"; };
		554DE6761A3B82CE00772256 /* Base */ = {isa = PBXFileReference; lastKnownFileType = file.xib; name = Base; path = Base.lproj/MainMenu.xib; sourceTree = "<group>"; };
		554DE67C1A3B82CE00772256 /* line-pvsTests.xctest */ = {isa = PBXFileReference; explicitFileType = wrapper.cfbundle; includeInIndex = 0; path = "line-pvsTests.xctest"; sourceTree = BUILT_PRODUCTS_DIR; };
		554DE6811A3B82CE00772256 /* Info.plist */ = {isa = PBXFileReference; lastKnownFileType = text.plist.xml; path = Info.plist; sourceTree = "<group>"; };
		554DE6821A3B82CE00772256 /* line_pvsTests.m */ = {isa = PBXFileReference; lastKnownFileType = sourcecode.c.objc; path = line_pvsTests.m; sourceTree = "<group>"; };
		554DE68C1A3B836D00772256 /* LinesView.hh */ = {isa = PBXFileReference; fileEncoding = 4; lastKnownFileType = sourcecode.cpp.h; path = LinesView.hh; sourceTree = "<group>"; };
		554DE68D1A3B836D00772256 /* LinesView.mm */ = {isa = PBXFileReference; fileEncoding = 4; lastKnownFileType = sourcecode.cpp.objcpp; path = LinesView.mm; sourceTree = "<group>"; };
		554DE6B01A3E221800772256 /* Line.cpp */ = {isa = PBXFileReference; fileEncoding = 4; lastKnownFileType = sourcecode.cpp.cpp; path = Line.cpp; sourceTree = "<group>"; };
		554DE6B11A3E221800772256 /* Line.h */ = {isa = PBXFileReference; fileEncoding = 4; lastKnownFileType = sourcecode.c.h; path = Line.h; sourceTree = "<group>"; };
		554DE6B31A3E225600772256 /* Point.cpp */ = {isa = PBXFileReference; fileEncoding = 4; lastKnownFileType = sourcecode.cpp.cpp; path = Point.cpp; sourceTree = "<group>"; };
		554DE6B41A3E225600772256 /* Point.h */ = {isa = PBXFileReference; fileEncoding = 4; lastKnownFileType = sourcecode.c.h; path = Point.h; sourceTree = "<group>"; };
		554DE6B61A3E231000772256 /* Size.cpp */ = {isa = PBXFileReference; fileEncoding = 4; lastKnownFileType = sourcecode.cpp.cpp; path = Size.cpp; sourceTree = "<group>"; };
		554DE6B71A3E231000772256 /* Size.h */ = {isa = PBXFileReference; fileEncoding = 4; lastKnownFileType = sourcecode.c.h; path = Size.h; sourceTree = "<group>"; };
/* End PBXFileReference section */

/* Begin PBXFrameworksBuildPhase section */
		554DE6601A3B82CE00772256 /* Frameworks */ = {
			isa = PBXFrameworksBuildPhase;
			buildActionMask = 2147483647;
			files = (
			);
			runOnlyForDeploymentPostprocessing = 0;
		};
		554DE6791A3B82CE00772256 /* Frameworks */ = {
			isa = PBXFrameworksBuildPhase;
			buildActionMask = 2147483647;
			files = (
			);
			runOnlyForDeploymentPostprocessing = 0;
		};
/* End PBXFrameworksBuildPhase section */

/* Begin PBXGroup section */
		554DE65A1A3B82CE00772256 = {
			isa = PBXGroup;
			children = (
				554DE6651A3B82CE00772256 /* line-pvs */,
				554DE67F1A3B82CE00772256 /* line-pvsTests */,
				554DE6641A3B82CE00772256 /* Products */,
			);
			sourceTree = "<group>";
		};
		554DE6641A3B82CE00772256 /* Products */ = {
			isa = PBXGroup;
			children = (
				554DE6631A3B82CE00772256 /* line-pvs.app */,
				554DE67C1A3B82CE00772256 /* line-pvsTests.xctest */,
			);
			name = Products;
			sourceTree = "<group>";
		};
		554DE6651A3B82CE00772256 /* line-pvs */ = {
			isa = PBXGroup;
			children = (
				554DE6681A3B82CE00772256 /* AppDelegate.h */,
				554DE6691A3B82CE00772256 /* AppDelegate.m */,
				554DE66D1A3B82CE00772256 /* Document.h */,
				554DE66E1A3B82CE00772256 /* Document.mm */,
				554DE6701A3B82CE00772256 /* Document.xib */,
				554DE6731A3B82CE00772256 /* Images.xcassets */,
				554DE6751A3B82CE00772256 /* MainMenu.xib */,
				554DE6661A3B82CE00772256 /* Supporting Files */,
				554DE68C1A3B836D00772256 /* LinesView.hh */,
				554DE68D1A3B836D00772256 /* LinesView.mm */,
				554DE6B01A3E221800772256 /* Line.cpp */,
				554DE6B11A3E221800772256 /* Line.h */,
				554DE6B31A3E225600772256 /* Point.cpp */,
				554DE6B41A3E225600772256 /* Point.h */,
				554DE6B61A3E231000772256 /* Size.cpp */,
				554DE6B71A3E231000772256 /* Size.h */,
				5526C73C1A40CCDC00C35325 /* LineNode.cpp */,
				5526C73D1A40CCDC00C35325 /* LineNode.h */,
				5543ADE81A4219F300877634 /* BSPView.h */,
				5543ADE91A4219F300877634 /* BSPView.mm */,
			);
			path = "line-pvs";
			sourceTree = "<group>";
		};
		554DE6661A3B82CE00772256 /* Supporting Files */ = {
			isa = PBXGroup;
			children = (
				554DE6671A3B82CE00772256 /* Info.plist */,
				554DE66B1A3B82CE00772256 /* main.m */,
			);
			name = "Supporting Files";
			sourceTree = "<group>";
		};
		554DE67F1A3B82CE00772256 /* line-pvsTests */ = {
			isa = PBXGroup;
			children = (
				554DE6821A3B82CE00772256 /* line_pvsTests.m */,
				554DE6801A3B82CE00772256 /* Supporting Files */,
			);
			path = "line-pvsTests";
			sourceTree = "<group>";
		};
		554DE6801A3B82CE00772256 /* Supporting Files */ = {
			isa = PBXGroup;
			children = (
				554DE6811A3B82CE00772256 /* Info.plist */,
			);
			name = "Supporting Files";
			sourceTree = "<group>";
		};
/* End PBXGroup section */

/* Begin PBXNativeTarget section */
		554DE6621A3B82CE00772256 /* line-pvs */ = {
			isa = PBXNativeTarget;
			buildConfigurationList = 554DE6861A3B82CE00772256 /* Build configuration list for PBXNativeTarget "line-pvs" */;
			buildPhases = (
				554DE65F1A3B82CE00772256 /* Sources */,
				554DE6601A3B82CE00772256 /* Frameworks */,
				554DE6611A3B82CE00772256 /* Resources */,
			);
			buildRules = (
			);
			dependencies = (
			);
			name = "line-pvs";
			productName = "line-pvs";
			productReference = 554DE6631A3B82CE00772256 /* line-pvs.app */;
			productType = "com.apple.product-type.application";
		};
		554DE67B1A3B82CE00772256 /* line-pvsTests */ = {
			isa = PBXNativeTarget;
			buildConfigurationList = 554DE6891A3B82CE00772256 /* Build configuration list for PBXNativeTarget "line-pvsTests" */;
			buildPhases = (
				554DE6781A3B82CE00772256 /* Sources */,
				554DE6791A3B82CE00772256 /* Frameworks */,
				554DE67A1A3B82CE00772256 /* Resources */,
			);
			buildRules = (
			);
			dependencies = (
				554DE67E1A3B82CE00772256 /* PBXTargetDependency */,
			);
			name = "line-pvsTests";
			productName = "line-pvsTests";
			productReference = 554DE67C1A3B82CE00772256 /* line-pvsTests.xctest */;
			productType = "com.apple.product-type.bundle.unit-test";
		};
/* End PBXNativeTarget section */

/* Begin PBXProject section */
		554DE65B1A3B82CE00772256 /* Project object */ = {
			isa = PBXProject;
			attributes = {
				LastUpgradeCheck = 0610;
				ORGANIZATIONNAME = "Dave Kennedy";
				TargetAttributes = {
					554DE6621A3B82CE00772256 = {
						CreatedOnToolsVersion = 6.1.1;
					};
					554DE67B1A3B82CE00772256 = {
						CreatedOnToolsVersion = 6.1.1;
						TestTargetID = 554DE6621A3B82CE00772256;
					};
				};
			};
			buildConfigurationList = 554DE65E1A3B82CE00772256 /* Build configuration list for PBXProject "line-pvs" */;
			compatibilityVersion = "Xcode 3.2";
			developmentRegion = English;
			hasScannedForEncodings = 0;
			knownRegions = (
				en,
				Base,
			);
			mainGroup = 554DE65A1A3B82CE00772256;
			productRefGroup = 554DE6641A3B82CE00772256 /* Products */;
			projectDirPath = "";
			projectRoot = "";
			targets = (
				554DE6621A3B82CE00772256 /* line-pvs */,
				554DE67B1A3B82CE00772256 /* line-pvsTests */,
			);
		};
/* End PBXProject section */

/* Begin PBXResourcesBuildPhase section */
		554DE6611A3B82CE00772256 /* Resources */ = {
			isa = PBXResourcesBuildPhase;
			buildActionMask = 2147483647;
			files = (
				554DE6721A3B82CE00772256 /* Document.xib in Resources */,
				554DE6741A3B82CE00772256 /* Images.xcassets in Resources */,
				554DE6771A3B82CE00772256 /* MainMenu.xib in Resources */,
			);
			runOnlyForDeploymentPostprocessing = 0;
		};
		554DE67A1A3B82CE00772256 /* Resources */ = {
			isa = PBXResourcesBuildPhase;
			buildActionMask = 2147483647;
			files = (
			);
			runOnlyForDeploymentPostprocessing = 0;
		};
/* End PBXResourcesBuildPhase section */

/* Begin PBXSourcesBuildPhase section */
		554DE65F1A3B82CE00772256 /* Sources */ = {
			isa = PBXSourcesBuildPhase;
			buildActionMask = 2147483647;
			files = (
				554DE6B51A3E225600772256 /* Point.cpp in Sources */,
				554DE68E1A3B836D00772256 /* LinesView.mm in Sources */,
				554DE66F1A3B82CE00772256 /* Document.mm in Sources */,
				5526C73E1A40CCDC00C35325 /* LineNode.cpp in Sources */,
				554DE6B81A3E231000772256 /* Size.cpp in Sources */,
				554DE66C1A3B82CE00772256 /* main.m in Sources */,
				554DE66A1A3B82CE00772256 /* AppDelegate.m in Sources */,
				5543ADEA1A4219F300877634 /* BSPView.mm in Sources */,
				554DE6B21A3E221800772256 /* Line.cpp in Sources */,
			);
			runOnlyForDeploymentPostprocessing = 0;
		};
		554DE6781A3B82CE00772256 /* Sources */ = {
			isa = PBXSourcesBuildPhase;
			buildActionMask = 2147483647;
			files = (
				554DE6831A3B82CE00772256 /* line_pvsTests.m in Sources */,
			);
			runOnlyForDeploymentPostprocessing = 0;
		};
/* End PBXSourcesBuildPhase section */

/* Begin PBXTargetDependency section */
		554DE67E1A3B82CE00772256 /* PBXTargetDependency */ = {
			isa = PBXTargetDependency;
			target = 554DE6621A3B82CE00772256 /* line-pvs */;
			targetProxy = 554DE67D1A3B82CE00772256 /* PBXContainerItemProxy */;
		};
/* End PBXTargetDependency section */

/* Begin PBXVariantGroup section */
		554DE6701A3B82CE00772256 /* Document.xib */ = {
			isa = PBXVariantGroup;
			children = (
				554DE6711A3B82CE00772256 /* Base */,
			);
			name = Document.xib;
			sourceTree = "<group>";
		};
		554DE6751A3B82CE00772256 /* MainMenu.xib */ = {
			isa = PBXVariantGroup;
			children = (
				554DE6761A3B82CE00772256 /* Base */,
			);
			name = MainMenu.xib;
			sourceTree = "<group>";
		};
/* End PBXVariantGroup section */

/* Begin XCBuildConfiguration section */
		554DE6841A3B82CE00772256 /* Debug */ = {
			isa = XCBuildConfiguration;
			buildSettings = {
				ALWAYS_SEARCH_USER_PATHS = NO;
				CLANG_CXX_LANGUAGE_STANDARD = "gnu++0x";
				CLANG_CXX_LIBRARY = "libc++";
				CLANG_ENABLE_MODULES = YES;
				CLANG_ENABLE_OBJC_ARC = YES;
				CLANG_WARN_BOOL_CONVERSION = YES;
				CLANG_WARN_CONSTANT_CONVERSION = YES;
				CLANG_WARN_DIRECT_OBJC_ISA_USAGE = YES_ERROR;
				CLANG_WARN_EMPTY_BODY = YES;
				CLANG_WARN_ENUM_CONVERSION = YES;
				CLANG_WARN_INT_CONVERSION = YES;
				CLANG_WARN_OBJC_ROOT_CLASS = YES_ERROR;
				CLANG_WARN_UNREACHABLE_CODE = YES;
				CLANG_WARN__DUPLICATE_METHOD_MATCH = YES;
				CODE_SIGN_IDENTITY = "-";
				COPY_PHASE_STRIP = NO;
				ENABLE_STRICT_OBJC_MSGSEND = YES;
				GCC_C_LANGUAGE_STANDARD = gnu99;
				GCC_DYNAMIC_NO_PIC = NO;
				GCC_OPTIMIZATION_LEVEL = 0;
				GCC_PREPROCESSOR_DEFINITIONS = (
					"DEBUG=1",
					"$(inherited)",
				);
				GCC_SYMBOLS_PRIVATE_EXTERN = NO;
				GCC_WARN_64_TO_32_BIT_CONVERSION = YES;
				GCC_WARN_ABOUT_RETURN_TYPE = YES_ERROR;
				GCC_WARN_UNDECLARED_SELECTOR = YES;
				GCC_WARN_UNINITIALIZED_AUTOS = YES_AGGRESSIVE;
				GCC_WARN_UNUSED_FUNCTION = YES;
				GCC_WARN_UNUSED_VARIABLE = YES;
				MACOSX_DEPLOYMENT_TARGET = 10.10;
				MTL_ENABLE_DEBUG_INFO = YES;
				ONLY_ACTIVE_ARCH = YES;
				SDKROOT = macosx;
			};
			name = Debug;
		};
		554DE6851A3B82CE00772256 /* Release */ = {
			isa = XCBuildConfiguration;
			buildSettings = {
				ALWAYS_SEARCH_USER_PATHS = NO;
				CLANG_CXX_LANGUAGE_STANDARD = "gnu++0x";
				CLANG_CXX_LIBRARY = "libc++";
				CLANG_ENABLE_MODULES = YES;
				CLANG_ENABLE_OBJC_ARC = YES;
				CLANG_WARN_BOOL_CONVERSION = YES;
				CLANG_WARN_CONSTANT_CONVERSION = YES;
				CLANG_WARN_DIRECT_OBJC_ISA_USAGE = YES_ERROR;
				CLANG_WARN_EMPTY_BODY = YES;
				CLANG_WARN_ENUM_CONVERSION = YES;
				CLANG_WARN_INT_CONVERSION = YES;
				CLANG_WARN_OBJC_ROOT_CLASS = YES_ERROR;
				CLANG_WARN_UNREACHABLE_CODE = YES;
				CLANG_WARN__DUPLICATE_METHOD_MATCH = YES;
				CODE_SIGN_IDENTITY = "-";
				COPY_PHASE_STRIP = YES;
				DEBUG_INFORMATION_FORMAT = "dwarf-with-dsym";
				ENABLE_NS_ASSERTIONS = NO;
				ENABLE_STRICT_OBJC_MSGSEND = YES;
				GCC_C_LANGUAGE_STANDARD = gnu99;
				GCC_WARN_64_TO_32_BIT_CONVERSION = YES;
				GCC_WARN_ABOUT_RETURN_TYPE = YES_ERROR;
				GCC_WARN_UNDECLARED_SELECTOR = YES;
				GCC_WARN_UNINITIALIZED_AUTOS = YES_AGGRESSIVE;
				GCC_WARN_UNUSED_FUNCTION = YES;
				GCC_WARN_UNUSED_VARIABLE = YES;
				MACOSX_DEPLOYMENT_TARGET = 10.10;
				MTL_ENABLE_DEBUG_INFO = NO;
				SDKROOT = macosx;
			};
			name = Release;
		};
		554DE6871A3B82CE00772256 /* Debug */ = {
			isa = XCBuildConfiguration;
			buildSettings = {
				ASSETCATALOG_COMPILER_APPICON_NAME = AppIcon;
				COMBINE_HIDPI_IMAGES = YES;
				INFOPLIST_FILE = "line-pvs/Info.plist";
				LD_RUNPATH_SEARCH_PATHS = "$(inherited) @executable_path/../Frameworks";
				PRODUCT_NAME = "$(TARGET_NAME)";
			};
			name = Debug;
		};
		554DE6881A3B82CE00772256 /* Release */ = {
			isa = XCBuildConfiguration;
			buildSettings = {
				ASSETCATALOG_COMPILER_APPICON_NAME = AppIcon;
				COMBINE_HIDPI_IMAGES = YES;
				INFOPLIST_FILE = "line-pvs/Info.plist";
				LD_RUNPATH_SEARCH_PATHS = "$(inherited) @executable_path/../Frameworks";
				PRODUCT_NAME = "$(TARGET_NAME)";
			};
			name = Release;
		};
		554DE68A1A3B82CE00772256 /* Debug */ = {
			isa = XCBuildConfiguration;
			buildSettings = {
				BUNDLE_LOADER = "$(TEST_HOST)";
				COMBINE_HIDPI_IMAGES = YES;
				FRAMEWORK_SEARCH_PATHS = (
					"$(DEVELOPER_FRAMEWORKS_DIR)",
					"$(inherited)",
				);
				GCC_PREPROCESSOR_DEFINITIONS = (
					"DEBUG=1",
					"$(inherited)",
				);
				INFOPLIST_FILE = "line-pvsTests/Info.plist";
				LD_RUNPATH_SEARCH_PATHS = "$(inherited) @executable_path/../Frameworks @loader_path/../Frameworks";
				PRODUCT_NAME = "$(TARGET_NAME)";
				TEST_HOST = "$(BUILT_PRODUCTS_DIR)/line-pvs.app/Contents/MacOS/line-pvs";
			};
			name = Debug;
		};
		554DE68B1A3B82CE00772256 /* Release */ = {
			isa = XCBuildConfiguration;
			buildSettings = {
				BUNDLE_LOADER = "$(TEST_HOST)";
				COMBINE_HIDPI_IMAGES = YES;
				FRAMEWORK_SEARCH_PATHS = (
					"$(DEVELOPER_FRAMEWORKS_DIR)",
					"$(inherited)",
				);
				INFOPLIST_FILE = "line-pvsTests/Info.plist";
				LD_RUNPATH_SEARCH_PATHS = "$(inherited) @executable_path/../Frameworks @loader_path/../Frameworks";
				PRODUCT_NAME = "$(TARGET_NAME)";
				TEST_HOST = "$(BUILT_PRODUCTS_DIR)/line-pvs.app/Contents/MacOS/line-pvs";
			};
			name = Release;
		};
/* End XCBuildConfiguration section */

/* Begin XCConfigurationList section */
		554DE65E1A3B82CE00772256 /* Build configuration list for PBXProject "line-pvs" */ = {
			isa = XCConfigurationList;
			buildConfigurations = (
				554DE6841A3B82CE00772256 /* Debug */,
				554DE6851A3B82CE00772256 /* Release */,
			);
			defaultConfigurationIsVisible = 0;
			defaultConfigurationName = Release;
		};
		554DE6861A3B82CE00772256 /* Build configuration list for PBXNativeTarget "line-pvs" */ = {
			isa = XCConfigurationList;
			buildConfigurations = (
				554DE6871A3B82CE00772256 /* Debug */,
				554DE6881A3B82CE00772256 /* Release */,
			);
			defaultConfigurationIsVisible = 0;
			defaultConfigurationName = Release;
		};
		554DE6891A3B82CE00772256 /* Build configuration list for PBXNativeTarget "line-pvsTests" */ = {
			isa = XCConfigurationList;
			buildConfigurations = (
				554DE68A1A3B82CE00772256 /* Debug */,
				554DE68B1A3B82CE00772256 /* Release */,
			);
			defaultConfigurationIsVisible = 0;
			defaultConfigurationName = Release;
		};
/* End XCConfigurationList section */
	};
	rootObject = 554DE65B1A3B82CE00772256 /* Project object */;
}
